
Microsoft Visual Studio Solution File, Format Version 12.00
# Visual Studio Version 17
VisualStudioVersion = 17.0.31919.166
MinimumVisualStudioVersion = 10.0.40219.1
Project("{FAE04EC0-301F-11D3-BF4B-00C04F79EFBC}") = "Praktika", "Praktika\Praktika.csproj", "{658B18B2-8CA9-4690-8EAB-18CC2FE635A2}"
EndProject
Global
	GlobalSection(SolutionConfigurationPlatforms) = preSolution
		Debug|Any CPU = Debug|Any CPU
		Release|Any CPU = Release|Any CPU
	EndGlobalSection
	GlobalSection(ProjectConfigurationPlatforms) = postSolution
		{658B18B2-8CA9-4690-8EAB-18CC2FE635A2}.Debug|Any CPU.ActiveCfg = Debug|Any CPU
		{658B18B2-8CA9-4690-8EAB-18CC2FE635A2}.Debug|Any CPU.Build.0 = Debug|Any CPU
		{658B18B2-8CA9-4690-8EAB-18CC2FE635A2}.Release|Any CPU.ActiveCfg = Release|Any CPU
		{658B18B2-8CA9-4690-8EAB-18CC2FE635A2}.Release|Any CPU.Build.0 = Release|Any CPU
	EndGlobalSection
	GlobalSection(SolutionProperties) = preSolution
		HideSolutionNode = FALSE
	EndGlobalSection
	GlobalSection(ExtensibilityGlobals) = postSolution
		SolutionGuid = {8E9A0435-7693-42F2-A7E8-8D769B78356D}
	EndGlobalSection
EndGlobal
